
Microsoft Visual Studio Solution File, Format Version 12.00
# Visual Studio Version 17
VisualStudioVersion = 17.9.34728.123
MinimumVisualStudioVersion = 10.0.40219.1
Project("{2150E333-8FDC-42A3-9474-1A3956D46DE8}") = "FrontEnd", "FrontEnd", "{6E5439D6-4CFB-42E2-8C7D-0F027D8A57C7}"
EndProject
Project("{2150E333-8FDC-42A3-9474-1A3956D46DE8}") = "Gateway", "Gateway", "{484EFD25-243A-4F93-BB91-DB5E1A6D6786}"
EndProject
Project("{2150E333-8FDC-42A3-9474-1A3956D46DE8}") = "Integration", "Integration", "{1A173D0E-3640-4142-B06A-1567E5CDF8D3}"
EndProject
Project("{2150E333-8FDC-42A3-9474-1A3956D46DE8}") = "Services", "Services", "{F47FE93C-A850-4F26-9BB5-C2F4FFEB3BC1}"
EndProject
Project("{9A19103F-16F7-4668-BE54-9A1E7A4F7556}") = "Mango.Services.CouponAPI", "Mango.Services.CouponAPI\Mango.Services.CouponAPI.csproj", "{733C6F82-9A87-4BF2-9CAF-1FE06F193FB9}"
EndProject
Project("{9A19103F-16F7-4668-BE54-9A1E7A4F7556}") = "Mango.Web", "Mango.Web\Mango.Web.csproj", "{DA5A0B52-D903-462D-A281-559843D180EB}"
EndProject
Project("{9A19103F-16F7-4668-BE54-9A1E7A4F7556}") = "Mango.Services.AuthAPI", "Mango.Services.AuthAPI\Mango.Services.AuthAPI.csproj", "{C741FBBD-3C9C-45EF-BBF2-9EA79008AD81}"
EndProject
Project("{9A19103F-16F7-4668-BE54-9A1E7A4F7556}") = "Mango.Services.ProductAPI", "Mango.Services.ProductAPI\Mango.Services.ProductAPI.csproj", "{2D375E26-298D-4F46-9CE8-4EE9E28D1FD9}"
EndProject
Global
	GlobalSection(SolutionConfigurationPlatforms) = preSolution
		Debug|Any CPU = Debug|Any CPU
		Release|Any CPU = Release|Any CPU
	EndGlobalSection
	GlobalSection(ProjectConfigurationPlatforms) = postSolution
		{733C6F82-9A87-4BF2-9CAF-1FE06F193FB9}.Debug|Any CPU.ActiveCfg = Debug|Any CPU
		{733C6F82-9A87-4BF2-9CAF-1FE06F193FB9}.Debug|Any CPU.Build.0 = Debug|Any CPU
		{733C6F82-9A87-4BF2-9CAF-1FE06F193FB9}.Release|Any CPU.ActiveCfg = Release|Any CPU
		{733C6F82-9A87-4BF2-9CAF-1FE06F193FB9}.Release|Any CPU.Build.0 = Release|Any CPU
		{DA5A0B52-D903-462D-A281-559843D180EB}.Debug|Any CPU.ActiveCfg = Debug|Any CPU
		{DA5A0B52-D903-462D-A281-559843D180EB}.Debug|Any CPU.Build.0 = Debug|Any CPU
		{DA5A0B52-D903-462D-A281-559843D180EB}.Release|Any CPU.ActiveCfg = Release|Any CPU
		{DA5A0B52-D903-462D-A281-559843D180EB}.Release|Any CPU.Build.0 = Release|Any CPU
		{C741FBBD-3C9C-45EF-BBF2-9EA79008AD81}.Debug|Any CPU.ActiveCfg = Debug|Any CPU
		{C741FBBD-3C9C-45EF-BBF2-9EA79008AD81}.Debug|Any CPU.Build.0 = Debug|Any CPU
		{C741FBBD-3C9C-45EF-BBF2-9EA79008AD81}.Release|Any CPU.ActiveCfg = Release|Any CPU
		{C741FBBD-3C9C-45EF-BBF2-9EA79008AD81}.Release|Any CPU.Build.0 = Release|Any CPU
		{2D375E26-298D-4F46-9CE8-4EE9E28D1FD9}.Debug|Any CPU.ActiveCfg = Debug|Any CPU
		{2D375E26-298D-4F46-9CE8-4EE9E28D1FD9}.Debug|Any CPU.Build.0 = Debug|Any CPU
		{2D375E26-298D-4F46-9CE8-4EE9E28D1FD9}.Release|Any CPU.ActiveCfg = Release|Any CPU
		{2D375E26-298D-4F46-9CE8-4EE9E28D1FD9}.Release|Any CPU.Build.0 = Release|Any CPU
	EndGlobalSection
	GlobalSection(SolutionProperties) = preSolution
		HideSolutionNode = FALSE
	EndGlobalSection
	GlobalSection(NestedProjects) = preSolution
		{733C6F82-9A87-4BF2-9CAF-1FE06F193FB9} = {F47FE93C-A850-4F26-9BB5-C2F4FFEB3BC1}
		{DA5A0B52-D903-462D-A281-559843D180EB} = {6E5439D6-4CFB-42E2-8C7D-0F027D8A57C7}
		{C741FBBD-3C9C-45EF-BBF2-9EA79008AD81} = {F47FE93C-A850-4F26-9BB5-C2F4FFEB3BC1}
		{2D375E26-298D-4F46-9CE8-4EE9E28D1FD9} = {F47FE93C-A850-4F26-9BB5-C2F4FFEB3BC1}
	EndGlobalSection
	GlobalSection(ExtensibilityGlobals) = postSolution
		SolutionGuid = {94AF3B05-D25B-4059-830E-CFEE257531EA}
	EndGlobalSection
EndGlobal
