
Microsoft Visual Studio Solution File, Format Version 12.00
# Visual Studio Version 17
VisualStudioVersion = 17.9.34728.123
MinimumVisualStudioVersion = 10.0.40219.1
Project("{2150E333-8FDC-42A3-9474-1A3956D46DE8}") = "FrontEnd", "FrontEnd", "{6E5439D6-4CFB-42E2-8C7D-0F027D8A57C7}"
EndProject
Project("{2150E333-8FDC-42A3-9474-1A3956D46DE8}") = "Gateway", "Gateway", "{484EFD25-243A-4F93-BB91-DB5E1A6D6786}"
EndProject
Project("{2150E333-8FDC-42A3-9474-1A3956D46DE8}") = "Integration", "Integration", "{1A173D0E-3640-4142-B06A-1567E5CDF8D3}"
EndProject
Project("{2150E333-8FDC-42A3-9474-1A3956D46DE8}") = "Services", "Services", "{F47FE93C-A850-4F26-9BB5-C2F4FFEB3BC1}"
EndProject
Project("{9A19103F-16F7-4668-BE54-9A1E7A4F7556}") = "Mango.Services.CouponAPI", "Mango.Services.CouponAPI\Mango.Services.CouponAPI.csproj", "{733C6F82-9A87-4BF2-9CAF-1FE06F193FB9}"
EndProject
Project("{9A19103F-16F7-4668-BE54-9A1E7A4F7556}") = "Mango.Web", "Mango.Web\Mango.Web.csproj", "{DA5A0B52-D903-462D-A281-559843D180EB}"
EndProject
Project("{9A19103F-16F7-4668-BE54-9A1E7A4F7556}") = "Mango.Services.AuthAPI", "Mango.Services.AuthAPI\Mango.Services.AuthAPI.csproj", "{C741FBBD-3C9C-45EF-BBF2-9EA79008AD81}"
EndProject
Project("{9A19103F-16F7-4668-BE54-9A1E7A4F7556}") = "Mango.Services.ProductAPI", "Mango.Services.ProductAPI\Mango.Services.ProductAPI.csproj", "{2D375E26-298D-4F46-9CE8-4EE9E28D1FD9}"
EndProject
Project("{9A19103F-16F7-4668-BE54-9A1E7A4F7556}") = "Mango.Services.ShoppingCartAPI", "Mango.Services.ShppingCartAPI\Mango.Services.ShoppingCartAPI.csproj", "{49EE5C60-4C34-4BF9-9FDE-2B46AECDF181}"
EndProject
Project("{9A19103F-16F7-4668-BE54-9A1E7A4F7556}") = "Mango.MessageBus", "Mango.MessageBus\Mango.MessageBus.csproj", "{45588283-F3B8-48FF-8CEB-03CB445ED6AC}"
EndProject
Project("{9A19103F-16F7-4668-BE54-9A1E7A4F7556}") = "Mango.Services.EmailAPI", "Mango.Services.EmailAPI\Mango.Services.EmailAPI.csproj", "{48624BDB-9549-4429-90EE-86D73912470C}"
EndProject
Project("{9A19103F-16F7-4668-BE54-9A1E7A4F7556}") = "Mango.Services.OrderAPI", "Mango.Services.OrderAPI\Mango.Services.OrderAPI.csproj", "{641D0D62-0C7E-47CE-9007-1DE142827D82}"
EndProject
Project("{FAE04EC0-301F-11D3-BF4B-00C04F79EFBC}") = "Mango.Services.RewardsAPI", "Mango.Services.RewardsAPI\Mango.Services.RewardsAPI.csproj", "{FDB667F8-D66F-4910-A1C9-33F452CDDCC9}"
EndProject
Global
	GlobalSection(SolutionConfigurationPlatforms) = preSolution
		Debug|Any CPU = Debug|Any CPU
		Release|Any CPU = Release|Any CPU
	EndGlobalSection
	GlobalSection(ProjectConfigurationPlatforms) = postSolution
		{733C6F82-9A87-4BF2-9CAF-1FE06F193FB9}.Debug|Any CPU.ActiveCfg = Debug|Any CPU
		{733C6F82-9A87-4BF2-9CAF-1FE06F193FB9}.Debug|Any CPU.Build.0 = Debug|Any CPU
		{733C6F82-9A87-4BF2-9CAF-1FE06F193FB9}.Release|Any CPU.ActiveCfg = Release|Any CPU
		{733C6F82-9A87-4BF2-9CAF-1FE06F193FB9}.Release|Any CPU.Build.0 = Release|Any CPU
		{DA5A0B52-D903-462D-A281-559843D180EB}.Debug|Any CPU.ActiveCfg = Debug|Any CPU
		{DA5A0B52-D903-462D-A281-559843D180EB}.Debug|Any CPU.Build.0 = Debug|Any CPU
		{DA5A0B52-D903-462D-A281-559843D180EB}.Release|Any CPU.ActiveCfg = Release|Any CPU
		{DA5A0B52-D903-462D-A281-559843D180EB}.Release|Any CPU.Build.0 = Release|Any CPU
		{C741FBBD-3C9C-45EF-BBF2-9EA79008AD81}.Debug|Any CPU.ActiveCfg = Debug|Any CPU
		{C741FBBD-3C9C-45EF-BBF2-9EA79008AD81}.Debug|Any CPU.Build.0 = Debug|Any CPU
		{C741FBBD-3C9C-45EF-BBF2-9EA79008AD81}.Release|Any CPU.ActiveCfg = Release|Any CPU
		{C741FBBD-3C9C-45EF-BBF2-9EA79008AD81}.Release|Any CPU.Build.0 = Release|Any CPU
		{2D375E26-298D-4F46-9CE8-4EE9E28D1FD9}.Debug|Any CPU.ActiveCfg = Debug|Any CPU
		{2D375E26-298D-4F46-9CE8-4EE9E28D1FD9}.Debug|Any CPU.Build.0 = Debug|Any CPU
		{2D375E26-298D-4F46-9CE8-4EE9E28D1FD9}.Release|Any CPU.ActiveCfg = Release|Any CPU
		{2D375E26-298D-4F46-9CE8-4EE9E28D1FD9}.Release|Any CPU.Build.0 = Release|Any CPU
		{49EE5C60-4C34-4BF9-9FDE-2B46AECDF181}.Debug|Any CPU.ActiveCfg = Debug|Any CPU
		{49EE5C60-4C34-4BF9-9FDE-2B46AECDF181}.Debug|Any CPU.Build.0 = Debug|Any CPU
		{49EE5C60-4C34-4BF9-9FDE-2B46AECDF181}.Release|Any CPU.ActiveCfg = Release|Any CPU
		{49EE5C60-4C34-4BF9-9FDE-2B46AECDF181}.Release|Any CPU.Build.0 = Release|Any CPU
		{45588283-F3B8-48FF-8CEB-03CB445ED6AC}.Debug|Any CPU.ActiveCfg = Debug|Any CPU
		{45588283-F3B8-48FF-8CEB-03CB445ED6AC}.Debug|Any CPU.Build.0 = Debug|Any CPU
		{45588283-F3B8-48FF-8CEB-03CB445ED6AC}.Release|Any CPU.ActiveCfg = Release|Any CPU
		{45588283-F3B8-48FF-8CEB-03CB445ED6AC}.Release|Any CPU.Build.0 = Release|Any CPU
		{48624BDB-9549-4429-90EE-86D73912470C}.Debug|Any CPU.ActiveCfg = Debug|Any CPU
		{48624BDB-9549-4429-90EE-86D73912470C}.Debug|Any CPU.Build.0 = Debug|Any CPU
		{48624BDB-9549-4429-90EE-86D73912470C}.Release|Any CPU.ActiveCfg = Release|Any CPU
		{48624BDB-9549-4429-90EE-86D73912470C}.Release|Any CPU.Build.0 = Release|Any CPU
		{641D0D62-0C7E-47CE-9007-1DE142827D82}.Debug|Any CPU.ActiveCfg = Debug|Any CPU
		{641D0D62-0C7E-47CE-9007-1DE142827D82}.Debug|Any CPU.Build.0 = Debug|Any CPU
		{641D0D62-0C7E-47CE-9007-1DE142827D82}.Release|Any CPU.ActiveCfg = Release|Any CPU
		{641D0D62-0C7E-47CE-9007-1DE142827D82}.Release|Any CPU.Build.0 = Release|Any CPU
		{FDB667F8-D66F-4910-A1C9-33F452CDDCC9}.Debug|Any CPU.ActiveCfg = Debug|Any CPU
		{FDB667F8-D66F-4910-A1C9-33F452CDDCC9}.Debug|Any CPU.Build.0 = Debug|Any CPU
		{FDB667F8-D66F-4910-A1C9-33F452CDDCC9}.Release|Any CPU.ActiveCfg = Release|Any CPU
		{FDB667F8-D66F-4910-A1C9-33F452CDDCC9}.Release|Any CPU.Build.0 = Release|Any CPU
	EndGlobalSection
	GlobalSection(SolutionProperties) = preSolution
		HideSolutionNode = FALSE
	EndGlobalSection
	GlobalSection(NestedProjects) = preSolution
		{733C6F82-9A87-4BF2-9CAF-1FE06F193FB9} = {F47FE93C-A850-4F26-9BB5-C2F4FFEB3BC1}
		{DA5A0B52-D903-462D-A281-559843D180EB} = {6E5439D6-4CFB-42E2-8C7D-0F027D8A57C7}
		{C741FBBD-3C9C-45EF-BBF2-9EA79008AD81} = {F47FE93C-A850-4F26-9BB5-C2F4FFEB3BC1}
		{2D375E26-298D-4F46-9CE8-4EE9E28D1FD9} = {F47FE93C-A850-4F26-9BB5-C2F4FFEB3BC1}
		{49EE5C60-4C34-4BF9-9FDE-2B46AECDF181} = {F47FE93C-A850-4F26-9BB5-C2F4FFEB3BC1}
		{45588283-F3B8-48FF-8CEB-03CB445ED6AC} = {1A173D0E-3640-4142-B06A-1567E5CDF8D3}
		{48624BDB-9549-4429-90EE-86D73912470C} = {F47FE93C-A850-4F26-9BB5-C2F4FFEB3BC1}
		{641D0D62-0C7E-47CE-9007-1DE142827D82} = {F47FE93C-A850-4F26-9BB5-C2F4FFEB3BC1}
		{FDB667F8-D66F-4910-A1C9-33F452CDDCC9} = {F47FE93C-A850-4F26-9BB5-C2F4FFEB3BC1}
	EndGlobalSection
	GlobalSection(ExtensibilityGlobals) = postSolution
		SolutionGuid = {94AF3B05-D25B-4059-830E-CFEE257531EA}
	EndGlobalSection
EndGlobal
